schema: '2.0'
stages:
  data_ingestion:
    cmd: uv run python -m src.pipeline.stage_01_data_ingestion
    deps:
    - path: config/config.yaml
      hash: md5
      md5: 35964146b19a8052910ad6fff21e0a79
      size: 1374
    - path: config/params.yaml
      hash: md5
      md5: 7b5eb7a0b8f85cc244d3d4404b661fb8
      size: 1796
    - path: config/schema.yaml
      hash: md5
      md5: a9e1eaf36947b58c5d00bd8a53d0268e
      size: 545
    - path: data/external/NYC_Taxi_Zones_20260215.csv
      hash: md5
      md5: 9d4fe704d598a9a796f1b9f6dbfb6af3
      size: 3753425
    - path: data/raw/Distilled_2023_Yellow_Taxi_Trip_Data.txt
      hash: md5
      md5: f3d96a96c11c42b40593d7e81db7af16
      size: 535356502
    - path: src/components/data_ingestion.py
      hash: md5
      md5: be4ccddd1195c5181154a5693b95dbc8
      size: 5971
    - path: src/pipeline/stage_01_data_ingestion.py
      hash: md5
      md5: 253a98c958349b7fbea52a5de04d8216
      size: 1569
    outs:
    - path: artifacts/data_ingestion/enriched_trip_data.parquet
      hash: md5
      md5: 720206f5c3e20dd3834009faf342fa5d
      size: 135203561
  data_validation:
    cmd: uv run python -m src.pipeline.stage_02_data_validation
    deps:
    - path: artifacts/data_ingestion/enriched_trip_data.parquet
      hash: md5
      md5: 720206f5c3e20dd3834009faf342fa5d
      size: 135203561
    - path: config/config.yaml
      hash: md5
      md5: 35964146b19a8052910ad6fff21e0a79
      size: 1374
    - path: config/schema.yaml
      hash: md5
      md5: a9e1eaf36947b58c5d00bd8a53d0268e
      size: 545
    - path: src/components/data_validation.py
      hash: md5
      md5: e9883a2176c77736ca6d7ad10e0e4ce3
      size: 3096
    - path: src/pipeline/stage_02_data_validation.py
      hash: md5
      md5: 99615b31403434c3af8f920e097e59a9
      size: 1444
    outs:
    - path: artifacts/data_validation/status.txt
      hash: md5
      md5: 86e6a2f694c57a675b3e2da6b95ff9ba
      size: 23
  data_transformation:
    cmd: uv run python -m src.pipeline.stage_03_data_transformation
    deps:
    - path: artifacts/data_ingestion/enriched_trip_data.parquet
      hash: md5
      md5: 720206f5c3e20dd3834009faf342fa5d
      size: 135203561
    - path: config/config.yaml
      hash: md5
      md5: 35964146b19a8052910ad6fff21e0a79
      size: 1374
    - path: src/components/data_transformation.py
      hash: md5
      md5: e45a692fb8b9d9d4de9dfc473b55d1dc
      size: 5701
    - path: src/pipeline/stage_03_data_transformation.py
      hash: md5
      md5: 6b868202f58b929b96a195aef3f828b1
      size: 1617
    outs:
    - path: artifacts/data_transformation/cleaned_trip_data.parquet
      hash: md5
      md5: 2d46fb6ef4be0c6e4718a90eee0fe471
      size: 123396262
  feature_engineering:
    cmd: uv run python -m src.pipeline.stage_04_feature_engineering
    deps:
    - path: artifacts/data_transformation/cleaned_trip_data.parquet
      hash: md5
      md5: 2d46fb6ef4be0c6e4718a90eee0fe471
      size: 123396262
    - path: config/config.yaml
      hash: md5
      md5: 35964146b19a8052910ad6fff21e0a79
      size: 1374
    - path: src/components/feature_engineering.py
      hash: md5
      md5: 89c57515026603517e6f6885bb9c0c59
      size: 6509
    - path: src/pipeline/stage_04_feature_engineering.py
      hash: md5
      md5: 5227bd9a7908a2f5cc43f4979b7ce29f
      size: 1620
    outs:
    - path: artifacts/feature_engineering/test.parquet
      hash: md5
      md5: be4035224d5ecc4b98fcb51fadd16ff6
      size: 26300082
    - path: artifacts/feature_engineering/train.parquet
      hash: md5
      md5: f97a6287f96e5bdc3cf056985ee9330a
      size: 108865842
    - path: artifacts/feature_engineering/val.parquet
      hash: md5
      md5: 4e1b8e55f877ee590c932868332eb863
      size: 24949356
  model_trainer:
    cmd: uv run python -m src.pipeline.stage_05_model_trainer
    deps:
    - path: artifacts/feature_engineering/test.parquet
      hash: md5
      md5: be4035224d5ecc4b98fcb51fadd16ff6
      size: 26300082
    - path: artifacts/feature_engineering/train.parquet
      hash: md5
      md5: f97a6287f96e5bdc3cf056985ee9330a
      size: 108865842
    - path: config/config.yaml
      hash: md5
      md5: 35964146b19a8052910ad6fff21e0a79
      size: 1374
    - path: config/params.yaml
      hash: md5
      md5: 7b5eb7a0b8f85cc244d3d4404b661fb8
      size: 1796
    - path: src/components/model_trainer.py
      hash: md5
      md5: 570d006a257458b26d3a4a1efaa19a68
      size: 8061
    - path: src/pipeline/stage_05_model_trainer.py
      hash: md5
      md5: 73c008d68d7dc0a6ccddd92a9d001749
      size: 1482
    outs:
    - path: artifacts/model_trainer
      hash: md5
      md5: b1b33b3b993c77f739a95475edd4f720.dir
      size: 1409
      nfiles: 1
  model_evaluation:
    cmd: uv run python -m src.pipeline.stage_06_model_evaluation
    deps:
    - path: artifacts/feature_engineering/test.parquet
      hash: md5
      md5: be4035224d5ecc4b98fcb51fadd16ff6
      size: 26300082
    - path: artifacts/model_trainer
      hash: md5
      md5: b1b33b3b993c77f739a95475edd4f720.dir
      size: 1409
      nfiles: 1
    - path: config/config.yaml
      hash: md5
      md5: 35964146b19a8052910ad6fff21e0a79
      size: 1374
    - path: config/params.yaml
      hash: md5
      md5: 7b5eb7a0b8f85cc244d3d4404b661fb8
      size: 1796
    - path: src/components/model_evaluation.py
      hash: md5
      md5: edf356be2ff63b7fb1bab3aefb0ade13
      size: 3414
    - path: src/components/predict_model.py
      hash: md5
      md5: 8fe7d457ea9ea6947353510ab74ceead
      size: 3689
    - path: src/pipeline/stage_06_model_evaluation.py
      hash: md5
      md5: 7695c45bc94ead538eeb0ffc4aee739e
      size: 2171
    outs:
    - path: artifacts/model_evaluation/metrics.json
      hash: md5
      md5: d7aef888fb63fb3e316c76e937b14c38
      size: 115
    - path: artifacts/predictions/inference_results.csv
      hash: md5
      md5: 1ac1ceec83e43cc50b18d25239ad6b55
      size: 17528359
